
Microsoft Visual Studio Solution File, Format Version 12.00
# Visual Studio Version 17
VisualStudioVersion = 17.0.31903.59
MinimumVisualStudioVersion = 10.0.40219.1
Project("{FAE04EC0-301F-11D3-BF4B-00C04F79EFBC}") = "DataAccess", "DataAccess\DataAccess.csproj", "{7F6C3940-C8B6-4D67-9D9D-AA7E41F60B76}"
EndProject
Project("{2150E333-8FDC-42A3-9474-1A3956D46DE8}") = "server", "server", "{306BBA3A-BA11-4C2F-9AE9-4374C2A6F59C}"
EndProject
Project("{FAE04EC0-301F-11D3-BF4B-00C04F79EFBC}") = "API", "server\API\API.csproj", "{79E00566-6E74-400C-BEDD-3B9EBBEBC491}"
EndProject
Global
	GlobalSection(SolutionConfigurationPlatforms) = preSolution
		Debug|Any CPU = Debug|Any CPU
		Release|Any CPU = Release|Any CPU
	EndGlobalSection
	GlobalSection(SolutionProperties) = preSolution
		HideSolutionNode = FALSE
	EndGlobalSection
	GlobalSection(ProjectConfigurationPlatforms) = postSolution
		{7F6C3940-C8B6-4D67-9D9D-AA7E41F60B76}.Debug|Any CPU.ActiveCfg = Debug|Any CPU
		{7F6C3940-C8B6-4D67-9D9D-AA7E41F60B76}.Debug|Any CPU.Build.0 = Debug|Any CPU
		{7F6C3940-C8B6-4D67-9D9D-AA7E41F60B76}.Release|Any CPU.ActiveCfg = Release|Any CPU
		{7F6C3940-C8B6-4D67-9D9D-AA7E41F60B76}.Release|Any CPU.Build.0 = Release|Any CPU
		{79E00566-6E74-400C-BEDD-3B9EBBEBC491}.Debug|Any CPU.ActiveCfg = Debug|Any CPU
		{79E00566-6E74-400C-BEDD-3B9EBBEBC491}.Debug|Any CPU.Build.0 = Debug|Any CPU
		{79E00566-6E74-400C-BEDD-3B9EBBEBC491}.Release|Any CPU.ActiveCfg = Release|Any CPU
		{79E00566-6E74-400C-BEDD-3B9EBBEBC491}.Release|Any CPU.Build.0 = Release|Any CPU
	EndGlobalSection
	GlobalSection(NestedProjects) = preSolution
		{79E00566-6E74-400C-BEDD-3B9EBBEBC491} = {306BBA3A-BA11-4C2F-9AE9-4374C2A6F59C}
	EndGlobalSection
EndGlobal
